
Microsoft Visual Studio Solution File, Format Version 12.00
# Visual Studio Version 17
VisualStudioVersion = 17.0.31903.59
MinimumVisualStudioVersion = 10.0.40219.1
Project("{FAE04EC0-301F-11D3-BF4B-00C04F79EFBC}") = "Kutuphane22", "Kutuphane22\Kutuphane22.csproj", "{6EA9657F-03D7-4CAD-947E-119473665540}"
EndProject
Project("{FAE04EC0-301F-11D3-BF4B-00C04F79EFBC}") = "Kutuphane22.Data", "Kutuphane22.Data\Kutuphane22.Data.csproj", "{8B9872C3-A21A-4863-9B4C-7F2AF44D87BD}"
EndProject
Global
	GlobalSection(SolutionConfigurationPlatforms) = preSolution
		Debug|Any CPU = Debug|Any CPU
		Release|Any CPU = Release|Any CPU
	EndGlobalSection
	GlobalSection(ProjectConfigurationPlatforms) = postSolution
		{6EA9657F-03D7-4CAD-947E-119473665540}.Debug|Any CPU.ActiveCfg = Debug|Any CPU
		{6EA9657F-03D7-4CAD-947E-119473665540}.Debug|Any CPU.Build.0 = Debug|Any CPU
		{6EA9657F-03D7-4CAD-947E-119473665540}.Release|Any CPU.ActiveCfg = Release|Any CPU
		{6EA9657F-03D7-4CAD-947E-119473665540}.Release|Any CPU.Build.0 = Release|Any CPU
		{8B9872C3-A21A-4863-9B4C-7F2AF44D87BD}.Debug|Any CPU.ActiveCfg = Debug|Any CPU
		{8B9872C3-A21A-4863-9B4C-7F2AF44D87BD}.Debug|Any CPU.Build.0 = Debug|Any CPU
		{8B9872C3-A21A-4863-9B4C-7F2AF44D87BD}.Release|Any CPU.ActiveCfg = Release|Any CPU
		{8B9872C3-A21A-4863-9B4C-7F2AF44D87BD}.Release|Any CPU.Build.0 = Release|Any CPU
	EndGlobalSection
	GlobalSection(SolutionProperties) = preSolution
		HideSolutionNode = FALSE
	EndGlobalSection
	GlobalSection(ExtensibilityGlobals) = postSolution
		SolutionGuid = {4DF20A24-89D3-42A6-B06C-AF3C99692FB8}
	EndGlobalSection
EndGlobal
